// !$*UTF8*$!
{
	archiveVersion = 1;
	classes = {
	};
	objectVersion = 46;
	objects = {

/* Begin PBXBuildFile section */
		FC62F62A1E49470100CC365B /* AppDelegate.swift in Sources */ = {isa = PBXBuildFile; fileRef = FC62F6291E49470100CC365B /* AppDelegate.swift */; };
		FC62F62C1E49470100CC365B /* ViewController.swift in Sources */ = {isa = PBXBuildFile; fileRef = FC62F62B1E49470100CC365B /* ViewController.swift */; };
		FC62F62F1E49470100CC365B /* Main.storyboard in Resources */ = {isa = PBXBuildFile; fileRef = FC62F62D1E49470100CC365B /* Main.storyboard */; };
		FC62F6311E49470100CC365B /* Assets.xcassets in Resources */ = {isa = PBXBuildFile; fileRef = FC62F6301E49470100CC365B /* Assets.xcassets */; };
		FC62F6341E49470100CC365B /* LaunchScreen.storyboard in Resources */ = {isa = PBXBuildFile; fileRef = FC62F6321E49470100CC365B /* LaunchScreen.storyboard */; };
		FCDC1F811E5253ED0029D8A9 /* startMove.wav in Resources */ = {isa = PBXBuildFile; fileRef = FCDC1F7B1E5253ED0029D8A9 /* startMove.wav */; };
		FCDC1F821E5253ED0029D8A9 /* tieGame.wav in Resources */ = {isa = PBXBuildFile; fileRef = FCDC1F7C1E5253ED0029D8A9 /* tieGame.wav */; };
		FCDC1F831E5253ED0029D8A9 /* winGame.wav in Resources */ = {isa = PBXBuildFile; fileRef = FCDC1F7D1E5253ED0029D8A9 /* winGame.wav */; };
		FCDC1F841E5253ED0029D8A9 /* placed.wav in Resources */ = {isa = PBXBuildFile; fileRef = FCDC1F7E1E5253ED0029D8A9 /* placed.wav */; };
		FCDC1F851E5253ED0029D8A9 /* goodMove.wav in Resources */ = {isa = PBXBuildFile; fileRef = FCDC1F7F1E5253ED0029D8A9 /* goodMove.wav */; };
		FCDC1F861E5253ED0029D8A9 /* badMove.wav in Resources */ = {isa = PBXBuildFile; fileRef = FCDC1F801E5253ED0029D8A9 /* badMove.wav */; };
/* End PBXBuildFile section */

/* Begin PBXFileReference section */
		FC62F6261E49470100CC365B /* TicTacToe.app */ = {isa = PBXFileReference; explicitFileType = wrapper.application; includeInIndex = 0; path = TicTacToe.app; sourceTree = BUILT_PRODUCTS_DIR; };
		FC62F6291E49470100CC365B /* AppDelegate.swift */ = {isa = PBXFileReference; lastKnownFileType = sourcecode.swift; path = AppDelegate.swift; sourceTree = "<group>"; };
		FC62F62B1E49470100CC365B /* ViewController.swift */ = {isa = PBXFileReference; lastKnownFileType = sourcecode.swift; path = ViewController.swift; sourceTree = "<group>"; };
		FC62F62E1E49470100CC365B /* Base */ = {isa = PBXFileReference; lastKnownFileType = file.storyboard; name = Base; path = Base.lproj/Main.storyboard; sourceTree = "<group>"; };
		FC62F6301E49470100CC365B /* Assets.xcassets */ = {isa = PBXFileReference; lastKnownFileType = folder.assetcatalog; path = Assets.xcassets; sourceTree = "<group>"; };
		FC62F6331E49470100CC365B /* Base */ = {isa = PBXFileReference; lastKnownFileType = file.storyboard; name = Base; path = Base.lproj/LaunchScreen.storyboard; sourceTree = "<group>"; };
		FC62F6351E49470100CC365B /* Info.plist */ = {isa = PBXFileReference; lastKnownFileType = text.plist.xml; path = Info.plist; sourceTree = "<group>"; };
		FCDC1F7B1E5253ED0029D8A9 /* startMove.wav */ = {isa = PBXFileReference; lastKnownFileType = audio.wav; path = startMove.wav; sourceTree = "<group>"; };
		FCDC1F7C1E5253ED0029D8A9 /* tieGame.wav */ = {isa = PBXFileReference; lastKnownFileType = audio.wav; path = tieGame.wav; sourceTree = "<group>"; };
		FCDC1F7D1E5253ED0029D8A9 /* winGame.wav */ = {isa = PBXFileReference; lastKnownFileType = audio.wav; path = winGame.wav; sourceTree = "<group>"; };
		FCDC1F7E1E5253ED0029D8A9 /* placed.wav */ = {isa = PBXFileReference; lastKnownFileType = audio.wav; path = placed.wav; sourceTree = "<group>"; };
		FCDC1F7F1E5253ED0029D8A9 /* goodMove.wav */ = {isa = PBXFileReference; lastKnownFileType = audio.wav; path = goodMove.wav; sourceTree = "<group>"; };
		FCDC1F801E5253ED0029D8A9 /* badMove.wav */ = {isa = PBXFileReference; lastKnownFileType = audio.wav; path = badMove.wav; sourceTree = "<group>"; };
/* End PBXFileReference section */

/* Begin PBXFrameworksBuildPhase section */
		FC62F6231E49470000CC365B /* Frameworks */ = {
			isa = PBXFrameworksBuildPhase;
			buildActionMask = 2147483647;
			files = (
			);
			runOnlyForDeploymentPostprocessing = 0;
		};
/* End PBXFrameworksBuildPhase section */

/* Begin PBXGroup section */
		FC62F61D1E49470000CC365B = {
			isa = PBXGroup;
			children = (
				FC62F6281E49470100CC365B /* TicTacToe */,
				FC62F6271E49470100CC365B /* Products */,
			);
			sourceTree = "<group>";
		};
		FC62F6271E49470100CC365B /* Products */ = {
			isa = PBXGroup;
			children = (
				FC62F6261E49470100CC365B /* TicTacToe.app */,
			);
			name = Products;
			sourceTree = "<group>";
		};
		FC62F6281E49470100CC365B /* TicTacToe */ = {
			isa = PBXGroup;
			children = (
				FCDC1F871E5253F60029D8A9 /* Sounds */,
				FC62F6291E49470100CC365B /* AppDelegate.swift */,
				FC62F62B1E49470100CC365B /* ViewController.swift */,
				FC62F62D1E49470100CC365B /* Main.storyboard */,
				FC62F6301E49470100CC365B /* Assets.xcassets */,
				FC62F6321E49470100CC365B /* LaunchScreen.storyboard */,
				FC62F6351E49470100CC365B /* Info.plist */,
			);
			path = TicTacToe;
			sourceTree = "<group>";
		};
		FCDC1F871E5253F60029D8A9 /* Sounds */ = {
			isa = PBXGroup;
			children = (
				FCDC1F7B1E5253ED0029D8A9 /* startMove.wav */,
				FCDC1F7F1E5253ED0029D8A9 /* goodMove.wav */,
				FCDC1F801E5253ED0029D8A9 /* badMove.wav */,
				FCDC1F7C1E5253ED0029D8A9 /* tieGame.wav */,
				FCDC1F7D1E5253ED0029D8A9 /* winGame.wav */,
				FCDC1F7E1E5253ED0029D8A9 /* placed.wav */,
			);
			name = Sounds;
			sourceTree = "<group>";
		};
/* End PBXGroup section */

/* Begin PBXNativeTarget section */
		FC62F6251E49470000CC365B /* TicTacToe */ = {
			isa = PBXNativeTarget;
			buildConfigurationList = FC62F6381E49470100CC365B /* Build configuration list for PBXNativeTarget "TicTacToe" */;
			buildPhases = (
				FC62F6221E49470000CC365B /* Sources */,
				FC62F6231E49470000CC365B /* Frameworks */,
				FC62F6241E49470000CC365B /* Resources */,
			);
			buildRules = (
			);
			dependencies = (
			);
			name = TicTacToe;
			productName = TicTacToe;
			productReference = FC62F6261E49470100CC365B /* TicTacToe.app */;
			productType = "com.apple.product-type.application";
		};
/* End PBXNativeTarget section */

/* Begin PBXProject section */
		FC62F61E1E49470000CC365B /* Project object */ = {
			isa = PBXProject;
			attributes = {
				LastSwiftUpdateCheck = 0820;
				LastUpgradeCheck = 0820;
				ORGANIZATIONNAME = "Ramon Rodriguez";
				TargetAttributes = {
					FC62F6251E49470000CC365B = {
						CreatedOnToolsVersion = 8.2.1;
						ProvisioningStyle = Automatic;
					};
				};
			};
			buildConfigurationList = FC62F6211E49470000CC365B /* Build configuration list for PBXProject "TicTacToe" */;
			compatibilityVersion = "Xcode 3.2";
			developmentRegion = English;
			hasScannedForEncodings = 0;
			knownRegions = (
				en,
				Base,
			);
			mainGroup = FC62F61D1E49470000CC365B;
			productRefGroup = FC62F6271E49470100CC365B /* Products */;
			projectDirPath = "";
			projectRoot = "";
			targets = (
				FC62F6251E49470000CC365B /* TicTacToe */,
			);
		};
/* End PBXProject section */

/* Begin PBXResourcesBuildPhase section */
		FC62F6241E49470000CC365B /* Resources */ = {
			isa = PBXResourcesBuildPhase;
			buildActionMask = 2147483647;
			files = (
				FCDC1F861E5253ED0029D8A9 /* badMove.wav in Resources */,
				FCDC1F841E5253ED0029D8A9 /* placed.wav in Resources */,
				FC62F6341E49470100CC365B /* LaunchScreen.storyboard in Resources */,
				FC62F6311E49470100CC365B /* Assets.xcassets in Resources */,
				FC62F62F1E49470100CC365B /* Main.storyboard in Resources */,
				FCDC1F831E5253ED0029D8A9 /* winGame.wav in Resources */,
				FCDC1F811E5253ED0029D8A9 /* startMove.wav in Resources */,
				FCDC1F851E5253ED0029D8A9 /* goodMove.wav in Resources */,
				FCDC1F821E5253ED0029D8A9 /* tieGame.wav in Resources */,
			);
			runOnlyForDeploymentPostprocessing = 0;
		};
/* End PBXResourcesBuildPhase section */

/* Begin PBXSourcesBuildPhase section */
		FC62F6221E49470000CC365B /* Sources */ = {
			isa = PBXSourcesBuildPhase;
			buildActionMask = 2147483647;
			files = (
				FC62F62C1E49470100CC365B /* ViewController.swift in Sources */,
				FC62F62A1E49470100CC365B /* AppDelegate.swift in Sources */,
			);
			runOnlyForDeploymentPostprocessing = 0;
		};
/* End PBXSourcesBuildPhase section */

/* Begin PBXVariantGroup section */
		FC62F62D1E49470100CC365B /* Main.storyboard */ = {
			isa = PBXVariantGroup;
			children = (
				FC62F62E1E49470100CC365B /* Base */,
			);
			name = Main.storyboard;
			sourceTree = "<group>";
		};
		FC62F6321E49470100CC365B /* LaunchScreen.storyboard */ = {
			isa = PBXVariantGroup;
			children = (
				FC62F6331E49470100CC365B /* Base */,
			);
			name = LaunchScreen.storyboard;
			sourceTree = "<group>";
		};
/* End PBXVariantGroup section */

/* Begin XCBuildConfiguration section */
		FC62F6361E49470100CC365B /* Debug */ = {
			isa = XCBuildConfiguration;
			buildSettings = {
				ALWAYS_SEARCH_USER_PATHS = NO;
				CLANG_ANALYZER_NONNULL = YES;
				CLANG_CXX_LANGUAGE_STANDARD = "gnu++0x";
				CLANG_CXX_LIBRARY = "libc++";
				CLANG_ENABLE_MODULES = YES;
				CLANG_ENABLE_OBJC_ARC = YES;
				CLANG_WARN_BOOL_CONVERSION = YES;
				CLANG_WARN_CONSTANT_CONVERSION = YES;
				CLANG_WARN_DIRECT_OBJC_ISA_USAGE = YES_ERROR;
				CLANG_WARN_DOCUMENTATION_COMMENTS = YES;
				CLANG_WARN_EMPTY_BODY = YES;
				CLANG_WARN_ENUM_CONVERSION = YES;
				CLANG_WARN_INFINITE_RECURSION = YES;
				CLANG_WARN_INT_CONVERSION = YES;
				CLANG_WARN_OBJC_ROOT_CLASS = YES_ERROR;
				CLANG_WARN_SUSPICIOUS_MOVE = YES;
				CLANG_WARN_UNREACHABLE_CODE = YES;
				CLANG_WARN__DUPLICATE_METHOD_MATCH = YES;
				"CODE_SIGN_IDENTITY[sdk=iphoneos*]" = "iPhone Developer";
				COPY_PHASE_STRIP = NO;
				DEBUG_INFORMATION_FORMAT = dwarf;
				ENABLE_STRICT_OBJC_MSGSEND = YES;
				ENABLE_TESTABILITY = YES;
				GCC_C_LANGUAGE_STANDARD = gnu99;
				GCC_DYNAMIC_NO_PIC = NO;
				GCC_NO_COMMON_BLOCKS = YES;
				GCC_OPTIMIZATION_LEVEL = 0;
				GCC_PREPROCESSOR_DEFINITIONS = (
					"DEBUG=1",
					"$(inherited)",
				);
				GCC_WARN_64_TO_32_BIT_CONVERSION = YES;
				GCC_WARN_ABOUT_RETURN_TYPE = YES_ERROR;
				GCC_WARN_UNDECLARED_SELECTOR = YES;
				GCC_WARN_UNINITIALIZED_AUTOS = YES_AGGRESSIVE;
				GCC_WARN_UNUSED_FUNCTION = YES;
				GCC_WARN_UNUSED_VARIABLE = YES;
				IPHONEOS_DEPLOYMENT_TARGET = 10.2;
				MTL_ENABLE_DEBUG_INFO = YES;
				ONLY_ACTIVE_ARCH = YES;
				SDKROOT = iphoneos;
				SWIFT_ACTIVE_COMPILATION_CONDITIONS = DEBUG;
				SWIFT_OPTIMIZATION_LEVEL = "-Onone";
			};
			name = Debug;
		};
		FC62F6371E49470100CC365B /* Release */ = {
			isa = XCBuildConfiguration;
			buildSettings = {
				ALWAYS_SEARCH_USER_PATHS = NO;
				CLANG_ANALYZER_NONNULL = YES;
				CLANG_CXX_LANGUAGE_STANDARD = "gnu++0x";
				CLANG_CXX_LIBRARY = "libc++";
				CLANG_ENABLE_MODULES = YES;
				CLANG_ENABLE_OBJC_ARC = YES;
				CLANG_WARN_BOOL_CONVERSION = YES;
				CLANG_WARN_CONSTANT_CONVERSION = YES;
				CLANG_WARN_DIRECT_OBJC_ISA_USAGE = YES_ERROR;
				CLANG_WARN_DOCUMENTATION_COMMENTS = YES;
				CLANG_WARN_EMPTY_BODY = YES;
				CLANG_WARN_ENUM_CONVERSION = YES;
				CLANG_WARN_INFINITE_RECURSION = YES;
				CLANG_WARN_INT_CONVERSION = YES;
				CLANG_WARN_OBJC_ROOT_CLASS = YES_ERROR;
				CLANG_WARN_SUSPICIOUS_MOVE = YES;
				CLANG_WARN_UNREACHABLE_CODE = YES;
				CLANG_WARN__DUPLICATE_METHOD_MATCH = YES;
				"CODE_SIGN_IDENTITY[sdk=iphoneos*]" = "iPhone Developer";
				COPY_PHASE_STRIP = NO;
				DEBUG_INFORMATION_FORMAT = "dwarf-with-dsym";
				ENABLE_NS_ASSERTIONS = NO;
				ENABLE_STRICT_OBJC_MSGSEND = YES;
				GCC_C_LANGUAGE_STANDARD = gnu99;
				GCC_NO_COMMON_BLOCKS = YES;
				GCC_WARN_64_TO_32_BIT_CONVERSION = YES;
				GCC_WARN_ABOUT_RETURN_TYPE = YES_ERROR;
				GCC_WARN_UNDECLARED_SELECTOR = YES;
				GCC_WARN_UNINITIALIZED_AUTOS = YES_AGGRESSIVE;
				GCC_WARN_UNUSED_FUNCTION = YES;
				GCC_WARN_UNUSED_VARIABLE = YES;
				IPHONEOS_DEPLOYMENT_TARGET = 10.2;
				MTL_ENABLE_DEBUG_INFO = NO;
				SDKROOT = iphoneos;
				SWIFT_OPTIMIZATION_LEVEL = "-Owholemodule";
				VALIDATE_PRODUCT = YES;
			};
			name = Release;
		};
		FC62F6391E49470100CC365B /* Debug */ = {
			isa = XCBuildConfiguration;
			buildSettings = {
				ASSETCATALOG_COMPILER_APPICON_NAME = AppIcon;
				INFOPLIST_FILE = TicTacToe/Info.plist;
				LD_RUNPATH_SEARCH_PATHS = "$(inherited) @executable_path/Frameworks";
				PRODUCT_BUNDLE_IDENTIFIER = edu.uchicago.ramonlrodriguez.TicTacToe;
				PRODUCT_NAME = "$(TARGET_NAME)";
				SWIFT_VERSION = 3.0;
			};
			name = Debug;
		};
		FC62F63A1E49470100CC365B /* Release */ = {
			isa = XCBuildConfiguration;
			buildSettings = {
				ASSETCATALOG_COMPILER_APPICON_NAME = AppIcon;
				INFOPLIST_FILE = TicTacToe/Info.plist;
				LD_RUNPATH_SEARCH_PATHS = "$(inherited) @executable_path/Frameworks";
				PRODUCT_BUNDLE_IDENTIFIER = edu.uchicago.ramonlrodriguez.TicTacToe;
				PRODUCT_NAME = "$(TARGET_NAME)";
				SWIFT_VERSION = 3.0;
			};
			name = Release;
		};
/* End XCBuildConfiguration section */

/* Begin XCConfigurationList section */
		FC62F6211E49470000CC365B /* Build configuration list for PBXProject "TicTacToe" */ = {
			isa = XCConfigurationList;
			buildConfigurations = (
				FC62F6361E49470100CC365B /* Debug */,
				FC62F6371E49470100CC365B /* Release */,
			);
			defaultConfigurationIsVisible = 0;
			defaultConfigurationName = Release;
		};
		FC62F6381E49470100CC365B /* Build configuration list for PBXNativeTarget "TicTacToe" */ = {
			isa = XCConfigurationList;
			buildConfigurations = (
				FC62F6391E49470100CC365B /* Debug */,
				FC62F63A1E49470100CC365B /* Release */,
			);
			defaultConfigurationIsVisible = 0;
			defaultConfigurationName = Release;
		};
/* End XCConfigurationList section */
	};
	rootObject = FC62F61E1E49470000CC365B /* Project object */;
}
